// !$*UTF8*$!
{
	archiveVersion = 1;
	classes = {
	};
	objectVersion = 46;
	objects = {

/* Begin PBXBuildFile section */
		027EB0FDAEC31B7E3A26DDEC /* Pods_ReimburseMe.framework in Frameworks */ = {isa = PBXBuildFile; fileRef = D4111A47CD23A84BE08BC16D /* Pods_ReimburseMe.framework */; };
		F5122A6A1C9C87A600316B27 /* CreditViewController.swift in Sources */ = {isa = PBXBuildFile; fileRef = F5122A691C9C87A600316B27 /* CreditViewController.swift */; };
		F5122A6D1C9C886700316B27 /* CreditViewCell.xib in Resources */ = {isa = PBXBuildFile; fileRef = F5122A6C1C9C886700316B27 /* CreditViewCell.xib */; };
		F5122A6F1C9C8A8E00316B27 /* CreditViewCell.swift in Sources */ = {isa = PBXBuildFile; fileRef = F5122A6E1C9C8A8E00316B27 /* CreditViewCell.swift */; };
		F5122A721C9C8D8600316B27 /* DebtViewController.swift in Sources */ = {isa = PBXBuildFile; fileRef = F5122A711C9C8D8600316B27 /* DebtViewController.swift */; };
		F5122A741C9C8DA200316B27 /* DebtViewCell.swift in Sources */ = {isa = PBXBuildFile; fileRef = F5122A731C9C8DA200316B27 /* DebtViewCell.swift */; };
		F5122A761C9C8DAC00316B27 /* DebtViewCell.xib in Resources */ = {isa = PBXBuildFile; fileRef = F5122A751C9C8DAC00316B27 /* DebtViewCell.xib */; };
		F5122A791C9CA18100316B27 /* DebtReaderViewController.swift in Sources */ = {isa = PBXBuildFile; fileRef = F5122A781C9CA18100316B27 /* DebtReaderViewController.swift */; };
		F5122A7B1C9CC26C00316B27 /* ImageReaderViewController.swift in Sources */ = {isa = PBXBuildFile; fileRef = F5122A7A1C9CC26C00316B27 /* ImageReaderViewController.swift */; };
		F5122A7D1C9D8F8B00316B27 /* AddDebtViewController.swift in Sources */ = {isa = PBXBuildFile; fileRef = F5122A7C1C9D8F8B00316B27 /* AddDebtViewController.swift */; };
		F547587A1C9DB28600BF85B9 /* AddPayeeViewController.swift in Sources */ = {isa = PBXBuildFile; fileRef = F54758791C9DB28600BF85B9 /* AddPayeeViewController.swift */; };
		F547587D1C9DC21C00BF85B9 /* APIManager.swift in Sources */ = {isa = PBXBuildFile; fileRef = F547587C1C9DC21C00BF85B9 /* APIManager.swift */; };
		F547587F1C9DCC0500BF85B9 /* UserManager.swift in Sources */ = {isa = PBXBuildFile; fileRef = F547587E1C9DCC0500BF85B9 /* UserManager.swift */; };
		F54758811C9DD1F400BF85B9 /* User.swift in Sources */ = {isa = PBXBuildFile; fileRef = F54758801C9DD1F400BF85B9 /* User.swift */; };
		F54758831C9DD20800BF85B9 /* Debt.swift in Sources */ = {isa = PBXBuildFile; fileRef = F54758821C9DD20800BF85B9 /* Debt.swift */; };
		F5A4389B1C9C6E9000C78A2C /* AppDelegate.swift in Sources */ = {isa = PBXBuildFile; fileRef = F5A4389A1C9C6E9000C78A2C /* AppDelegate.swift */; };
		F5A438A21C9C6E9000C78A2C /* Main.storyboard in Resources */ = {isa = PBXBuildFile; fileRef = F5A438A01C9C6E9000C78A2C /* Main.storyboard */; };
		F5A438A41C9C6E9000C78A2C /* Assets.xcassets in Resources */ = {isa = PBXBuildFile; fileRef = F5A438A31C9C6E9000C78A2C /* Assets.xcassets */; };
		F5A438A71C9C6E9000C78A2C /* LaunchScreen.storyboard in Resources */ = {isa = PBXBuildFile; fileRef = F5A438A51C9C6E9000C78A2C /* LaunchScreen.storyboard */; };
		F5E0759F1C9D9DD200FB6655 /* PayeeSelectViewController.swift in Sources */ = {isa = PBXBuildFile; fileRef = F5E0759E1C9D9DD200FB6655 /* PayeeSelectViewController.swift */; };
/* End PBXBuildFile section */

/* Begin PBXFileReference section */
		8E90F6857A49483DF9BF3E1D /* Pods-ReimburseMe.release.xcconfig */ = {isa = PBXFileReference; includeInIndex = 1; lastKnownFileType = text.xcconfig; name = "Pods-ReimburseMe.release.xcconfig"; path = "Pods/Target Support Files/Pods-ReimburseMe/Pods-ReimburseMe.release.xcconfig"; sourceTree = "<group>"; };
		B193E2B219A0F6F805C26A13 /* Pods-ReimburseMe.debug.xcconfig */ = {isa = PBXFileReference; includeInIndex = 1; lastKnownFileType = text.xcconfig; name = "Pods-ReimburseMe.debug.xcconfig"; path = "Pods/Target Support Files/Pods-ReimburseMe/Pods-ReimburseMe.debug.xcconfig"; sourceTree = "<group>"; };
		D4111A47CD23A84BE08BC16D /* Pods_ReimburseMe.framework */ = {isa = PBXFileReference; explicitFileType = wrapper.framework; includeInIndex = 0; path = Pods_ReimburseMe.framework; sourceTree = BUILT_PRODUCTS_DIR; };
		F5122A691C9C87A600316B27 /* CreditViewController.swift */ = {isa = PBXFileReference; fileEncoding = 4; lastKnownFileType = sourcecode.swift; path = CreditViewController.swift; sourceTree = "<group>"; };
		F5122A6C1C9C886700316B27 /* CreditViewCell.xib */ = {isa = PBXFileReference; fileEncoding = 4; lastKnownFileType = file.xib; path = CreditViewCell.xib; sourceTree = "<group>"; };
		F5122A6E1C9C8A8E00316B27 /* CreditViewCell.swift */ = {isa = PBXFileReference; fileEncoding = 4; lastKnownFileType = sourcecode.swift; path = CreditViewCell.swift; sourceTree = "<group>"; };
		F5122A711C9C8D8600316B27 /* DebtViewController.swift */ = {isa = PBXFileReference; fileEncoding = 4; lastKnownFileType = sourcecode.swift; path = DebtViewController.swift; sourceTree = "<group>"; };
		F5122A731C9C8DA200316B27 /* DebtViewCell.swift */ = {isa = PBXFileReference; fileEncoding = 4; lastKnownFileType = sourcecode.swift; path = DebtViewCell.swift; sourceTree = "<group>"; };
		F5122A751C9C8DAC00316B27 /* DebtViewCell.xib */ = {isa = PBXFileReference; fileEncoding = 4; lastKnownFileType = file.xib; path = DebtViewCell.xib; sourceTree = "<group>"; };
		F5122A781C9CA18100316B27 /* DebtReaderViewController.swift */ = {isa = PBXFileReference; fileEncoding = 4; lastKnownFileType = sourcecode.swift; path = DebtReaderViewController.swift; sourceTree = "<group>"; };
		F5122A7A1C9CC26C00316B27 /* ImageReaderViewController.swift */ = {isa = PBXFileReference; fileEncoding = 4; lastKnownFileType = sourcecode.swift; path = ImageReaderViewController.swift; sourceTree = "<group>"; };
		F5122A7C1C9D8F8B00316B27 /* AddDebtViewController.swift */ = {isa = PBXFileReference; fileEncoding = 4; lastKnownFileType = sourcecode.swift; path = AddDebtViewController.swift; sourceTree = "<group>"; };
		F54758791C9DB28600BF85B9 /* AddPayeeViewController.swift */ = {isa = PBXFileReference; fileEncoding = 4; lastKnownFileType = sourcecode.swift; path = AddPayeeViewController.swift; sourceTree = "<group>"; };
		F547587C1C9DC21C00BF85B9 /* APIManager.swift */ = {isa = PBXFileReference; fileEncoding = 4; lastKnownFileType = sourcecode.swift; path = APIManager.swift; sourceTree = "<group>"; };
		F547587E1C9DCC0500BF85B9 /* UserManager.swift */ = {isa = PBXFileReference; fileEncoding = 4; lastKnownFileType = sourcecode.swift; path = UserManager.swift; sourceTree = "<group>"; };
		F54758801C9DD1F400BF85B9 /* User.swift */ = {isa = PBXFileReference; fileEncoding = 4; lastKnownFileType = sourcecode.swift; path = User.swift; sourceTree = "<group>"; };
		F54758821C9DD20800BF85B9 /* Debt.swift */ = {isa = PBXFileReference; fileEncoding = 4; lastKnownFileType = sourcecode.swift; path = Debt.swift; sourceTree = "<group>"; };
		F5A438971C9C6E9000C78A2C /* ReimburseMe.app */ = {isa = PBXFileReference; explicitFileType = wrapper.application; includeInIndex = 0; path = ReimburseMe.app; sourceTree = BUILT_PRODUCTS_DIR; };
		F5A4389A1C9C6E9000C78A2C /* AppDelegate.swift */ = {isa = PBXFileReference; lastKnownFileType = sourcecode.swift; path = AppDelegate.swift; sourceTree = "<group>"; };
		F5A438A11C9C6E9000C78A2C /* Base */ = {isa = PBXFileReference; lastKnownFileType = file.storyboard; name = Base; path = Base.lproj/Main.storyboard; sourceTree = "<group>"; };
		F5A438A31C9C6E9000C78A2C /* Assets.xcassets */ = {isa = PBXFileReference; lastKnownFileType = folder.assetcatalog; path = Assets.xcassets; sourceTree = "<group>"; };
		F5A438A61C9C6E9000C78A2C /* Base */ = {isa = PBXFileReference; lastKnownFileType = file.storyboard; name = Base; path = Base.lproj/LaunchScreen.storyboard; sourceTree = "<group>"; };
		F5A438A81C9C6E9000C78A2C /* Info.plist */ = {isa = PBXFileReference; lastKnownFileType = text.plist.xml; path = Info.plist; sourceTree = "<group>"; };
		F5E0759E1C9D9DD200FB6655 /* PayeeSelectViewController.swift */ = {isa = PBXFileReference; fileEncoding = 4; lastKnownFileType = sourcecode.swift; path = PayeeSelectViewController.swift; sourceTree = "<group>"; };
/* End PBXFileReference section */

/* Begin PBXFrameworksBuildPhase section */
		F5A438941C9C6E8F00C78A2C /* Frameworks */ = {
			isa = PBXFrameworksBuildPhase;
			buildActionMask = 2147483647;
			files = (
				027EB0FDAEC31B7E3A26DDEC /* Pods_ReimburseMe.framework in Frameworks */,
			);
			runOnlyForDeploymentPostprocessing = 0;
		};
/* End PBXFrameworksBuildPhase section */

/* Begin PBXGroup section */
		2990CB0E0116E0BFCAAF0AFE /* Pods */ = {
			isa = PBXGroup;
			children = (
				B193E2B219A0F6F805C26A13 /* Pods-ReimburseMe.debug.xcconfig */,
				8E90F6857A49483DF9BF3E1D /* Pods-ReimburseMe.release.xcconfig */,
			);
			name = Pods;
			sourceTree = "<group>";
		};
		AF2477988D2B2010773AB2A6 /* Frameworks */ = {
			isa = PBXGroup;
			children = (
				D4111A47CD23A84BE08BC16D /* Pods_ReimburseMe.framework */,
			);
			name = Frameworks;
			sourceTree = "<group>";
		};
		F5122A6B1C9C881600316B27 /* Credit */ = {
			isa = PBXGroup;
			children = (
				F5122A691C9C87A600316B27 /* CreditViewController.swift */,
				F5122A6C1C9C886700316B27 /* CreditViewCell.xib */,
				F5122A6E1C9C8A8E00316B27 /* CreditViewCell.swift */,
			);
			name = Credit;
			sourceTree = "<group>";
		};
		F5122A701C9C8D6D00316B27 /* Debt */ = {
			isa = PBXGroup;
			children = (
				F5122A7C1C9D8F8B00316B27 /* AddDebtViewController.swift */,
				F5122A711C9C8D8600316B27 /* DebtViewController.swift */,
				F5122A731C9C8DA200316B27 /* DebtViewCell.swift */,
				F5122A751C9C8DAC00316B27 /* DebtViewCell.xib */,
			);
			name = Debt;
			sourceTree = "<group>";
		};
		F5122A771C9CA16D00316B27 /* Reader */ = {
			isa = PBXGroup;
			children = (
				F5122A781C9CA18100316B27 /* DebtReaderViewController.swift */,
				F5122A7A1C9CC26C00316B27 /* ImageReaderViewController.swift */,
			);
			name = Reader;
			sourceTree = "<group>";
		};
		F54758781C9DB15300BF85B9 /* Payee */ = {
			isa = PBXGroup;
			children = (
				F5E0759E1C9D9DD200FB6655 /* PayeeSelectViewController.swift */,
				F54758791C9DB28600BF85B9 /* AddPayeeViewController.swift */,
			);
			name = Payee;
			sourceTree = "<group>";
		};
		F547587B1C9DC20700BF85B9 /* API */ = {
			isa = PBXGroup;
			children = (
				F547587C1C9DC21C00BF85B9 /* APIManager.swift */,
				F547587E1C9DCC0500BF85B9 /* UserManager.swift */,
				F54758801C9DD1F400BF85B9 /* User.swift */,
				F54758821C9DD20800BF85B9 /* Debt.swift */,
			);
			name = API;
			sourceTree = "<group>";
		};
		F5A4388E1C9C6E8F00C78A2C = {
			isa = PBXGroup;
			children = (
				F5A438991C9C6E9000C78A2C /* ReimburseMe */,
				F5A438981C9C6E9000C78A2C /* Products */,
				2990CB0E0116E0BFCAAF0AFE /* Pods */,
				AF2477988D2B2010773AB2A6 /* Frameworks */,
			);
			sourceTree = "<group>";
		};
		F5A438981C9C6E9000C78A2C /* Products */ = {
			isa = PBXGroup;
			children = (
				F5A438971C9C6E9000C78A2C /* ReimburseMe.app */,
			);
			name = Products;
			sourceTree = "<group>";
		};
		F5A438991C9C6E9000C78A2C /* ReimburseMe */ = {
			isa = PBXGroup;
			children = (
				F547587B1C9DC20700BF85B9 /* API */,
				F54758781C9DB15300BF85B9 /* Payee */,
				F5122A771C9CA16D00316B27 /* Reader */,
				F5122A701C9C8D6D00316B27 /* Debt */,
				F5122A6B1C9C881600316B27 /* Credit */,
				F5A4389A1C9C6E9000C78A2C /* AppDelegate.swift */,
				F5A438A01C9C6E9000C78A2C /* Main.storyboard */,
				F5A438A31C9C6E9000C78A2C /* Assets.xcassets */,
				F5A438A51C9C6E9000C78A2C /* LaunchScreen.storyboard */,
				F5A438A81C9C6E9000C78A2C /* Info.plist */,
			);
			path = ReimburseMe;
			sourceTree = "<group>";
		};
/* End PBXGroup section */

/* Begin PBXNativeTarget section */
		F5A438961C9C6E8F00C78A2C /* ReimburseMe */ = {
			isa = PBXNativeTarget;
			buildConfigurationList = F5A438AB1C9C6E9000C78A2C /* Build configuration list for PBXNativeTarget "ReimburseMe" */;
			buildPhases = (
				13A94452E1865388E704405F /* Check Pods Manifest.lock */,
				F5A438931C9C6E8F00C78A2C /* Sources */,
				F5A438941C9C6E8F00C78A2C /* Frameworks */,
				F5A438951C9C6E8F00C78A2C /* Resources */,
				879DCF1D28CAAB6CB1F5CE9E /* Embed Pods Frameworks */,
				6ADCADCAF9924BC24CF0C4F0 /* Copy Pods Resources */,
			);
			buildRules = (
			);
			dependencies = (
			);
			name = ReimburseMe;
			productName = ReimburseMe;
			productReference = F5A438971C9C6E9000C78A2C /* ReimburseMe.app */;
			productType = "com.apple.product-type.application";
		};
/* End PBXNativeTarget section */

/* Begin PBXProject section */
		F5A4388F1C9C6E8F00C78A2C /* Project object */ = {
			isa = PBXProject;
			attributes = {
				LastSwiftUpdateCheck = 0720;
				LastUpgradeCheck = 0720;
				ORGANIZATIONNAME = "Florent THOMAS-MOREL";
				TargetAttributes = {
					F5A438961C9C6E8F00C78A2C = {
						CreatedOnToolsVersion = 7.2.1;
					};
				};
			};
			buildConfigurationList = F5A438921C9C6E8F00C78A2C /* Build configuration list for PBXProject "ReimburseMe" */;
			compatibilityVersion = "Xcode 3.2";
			developmentRegion = English;
			hasScannedForEncodings = 0;
			knownRegions = (
				en,
				Base,
			);
			mainGroup = F5A4388E1C9C6E8F00C78A2C;
			productRefGroup = F5A438981C9C6E9000C78A2C /* Products */;
			projectDirPath = "";
			projectRoot = "";
			targets = (
				F5A438961C9C6E8F00C78A2C /* ReimburseMe */,
			);
		};
/* End PBXProject section */

/* Begin PBXResourcesBuildPhase section */
		F5A438951C9C6E8F00C78A2C /* Resources */ = {
			isa = PBXResourcesBuildPhase;
			buildActionMask = 2147483647;
			files = (
				F5122A761C9C8DAC00316B27 /* DebtViewCell.xib in Resources */,
				F5A438A71C9C6E9000C78A2C /* LaunchScreen.storyboard in Resources */,
				F5122A6D1C9C886700316B27 /* CreditViewCell.xib in Resources */,
				F5A438A41C9C6E9000C78A2C /* Assets.xcassets in Resources */,
				F5A438A21C9C6E9000C78A2C /* Main.storyboard in Resources */,
			);
			runOnlyForDeploymentPostprocessing = 0;
		};
/* End PBXResourcesBuildPhase section */

/* Begin PBXShellScriptBuildPhase section */
		13A94452E1865388E704405F /* Check Pods Manifest.lock */ = {
			isa = PBXShellScriptBuildPhase;
			buildActionMask = 2147483647;
			files = (
			);
			inputPaths = (
			);
			name = "Check Pods Manifest.lock";
			outputPaths = (
			);
			runOnlyForDeploymentPostprocessing = 0;
			shellPath = /bin/sh;
			shellScript = "diff \"${PODS_ROOT}/../Podfile.lock\" \"${PODS_ROOT}/Manifest.lock\" > /dev/null\nif [[ $? != 0 ]] ; then\n    cat << EOM\nerror: The sandbox is not in sync with the Podfile.lock. Run 'pod install' or update your CocoaPods installation.\nEOM\n    exit 1\nfi\n";
			showEnvVarsInLog = 0;
		};
		6ADCADCAF9924BC24CF0C4F0 /* Copy Pods Resources */ = {
			isa = PBXShellScriptBuildPhase;
			buildActionMask = 2147483647;
			files = (
			);
			inputPaths = (
			);
			name = "Copy Pods Resources";
			outputPaths = (
			);
			runOnlyForDeploymentPostprocessing = 0;
			shellPath = /bin/sh;
			shellScript = "\"${SRCROOT}/Pods/Target Support Files/Pods-ReimburseMe/Pods-ReimburseMe-resources.sh\"\n";
			showEnvVarsInLog = 0;
		};
		879DCF1D28CAAB6CB1F5CE9E /* Embed Pods Frameworks */ = {
			isa = PBXShellScriptBuildPhase;
			buildActionMask = 2147483647;
			files = (
			);
			inputPaths = (
			);
			name = "Embed Pods Frameworks";
			outputPaths = (
			);
			runOnlyForDeploymentPostprocessing = 0;
			shellPath = /bin/sh;
			shellScript = "\"${SRCROOT}/Pods/Target Support Files/Pods-ReimburseMe/Pods-ReimburseMe-frameworks.sh\"\n";
			showEnvVarsInLog = 0;
		};
/* End PBXShellScriptBuildPhase section */

/* Begin PBXSourcesBuildPhase section */
		F5A438931C9C6E8F00C78A2C /* Sources */ = {
			isa = PBXSourcesBuildPhase;
			buildActionMask = 2147483647;
			files = (
				F54758811C9DD1F400BF85B9 /* User.swift in Sources */,
				F5122A7B1C9CC26C00316B27 /* ImageReaderViewController.swift in Sources */,
				F54758831C9DD20800BF85B9 /* Debt.swift in Sources */,
				F5122A6F1C9C8A8E00316B27 /* CreditViewCell.swift in Sources */,
				F5122A741C9C8DA200316B27 /* DebtViewCell.swift in Sources */,
				F5A4389B1C9C6E9000C78A2C /* AppDelegate.swift in Sources */,
				F547587D1C9DC21C00BF85B9 /* APIManager.swift in Sources */,
				F5122A721C9C8D8600316B27 /* DebtViewController.swift in Sources */,
				F547587F1C9DCC0500BF85B9 /* UserManager.swift in Sources */,
				F5122A7D1C9D8F8B00316B27 /* AddDebtViewController.swift in Sources */,
				F5122A791C9CA18100316B27 /* DebtReaderViewController.swift in Sources */,
				F5122A6A1C9C87A600316B27 /* CreditViewController.swift in Sources */,
				F5E0759F1C9D9DD200FB6655 /* PayeeSelectViewController.swift in Sources */,
				F547587A1C9DB28600BF85B9 /* AddPayeeViewController.swift in Sources */,
			);
			runOnlyForDeploymentPostprocessing = 0;
		};
/* End PBXSourcesBuildPhase section */

/* Begin PBXVariantGroup section */
		F5A438A01C9C6E9000C78A2C /* Main.storyboard */ = {
			isa = PBXVariantGroup;
			children = (
				F5A438A11C9C6E9000C78A2C /* Base */,
			);
			name = Main.storyboard;
			sourceTree = "<group>";
		};
		F5A438A51C9C6E9000C78A2C /* LaunchScreen.storyboard */ = {
			isa = PBXVariantGroup;
			children = (
				F5A438A61C9C6E9000C78A2C /* Base */,
			);
			name = LaunchScreen.storyboard;
			sourceTree = "<group>";
		};
/* End PBXVariantGroup section */

/* Begin XCBuildConfiguration section */
		F5A438A91C9C6E9000C78A2C /* Debug */ = {
			isa = XCBuildConfiguration;
			buildSettings = {
				ALWAYS_SEARCH_USER_PATHS = NO;
				CLANG_CXX_LANGUAGE_STANDARD = "gnu++0x";
				CLANG_CXX_LIBRARY = "libc++";
				CLANG_ENABLE_MODULES = YES;
				CLANG_ENABLE_OBJC_ARC = YES;
				CLANG_WARN_BOOL_CONVERSION = YES;
				CLANG_WARN_CONSTANT_CONVERSION = YES;
				CLANG_WARN_DIRECT_OBJC_ISA_USAGE = YES_ERROR;
				CLANG_WARN_EMPTY_BODY = YES;
				CLANG_WARN_ENUM_CONVERSION = YES;
				CLANG_WARN_INT_CONVERSION = YES;
				CLANG_WARN_OBJC_ROOT_CLASS = YES_ERROR;
				CLANG_WARN_UNREACHABLE_CODE = YES;
				CLANG_WARN__DUPLICATE_METHOD_MATCH = YES;
				"CODE_SIGN_IDENTITY[sdk=iphoneos*]" = "iPhone Developer";
				COPY_PHASE_STRIP = NO;
				DEBUG_INFORMATION_FORMAT = dwarf;
				ENABLE_STRICT_OBJC_MSGSEND = YES;
				ENABLE_TESTABILITY = YES;
				GCC_C_LANGUAGE_STANDARD = gnu99;
				GCC_DYNAMIC_NO_PIC = NO;
				GCC_NO_COMMON_BLOCKS = YES;
				GCC_OPTIMIZATION_LEVEL = 0;
				GCC_PREPROCESSOR_DEFINITIONS = (
					"DEBUG=1",
					"$(inherited)",
				);
				GCC_WARN_64_TO_32_BIT_CONVERSION = YES;
				GCC_WARN_ABOUT_RETURN_TYPE = YES_ERROR;
				GCC_WARN_UNDECLARED_SELECTOR = YES;
				GCC_WARN_UNINITIALIZED_AUTOS = YES_AGGRESSIVE;
				GCC_WARN_UNUSED_FUNCTION = YES;
				GCC_WARN_UNUSED_VARIABLE = YES;
				IPHONEOS_DEPLOYMENT_TARGET = 9.2;
				MTL_ENABLE_DEBUG_INFO = YES;
				ONLY_ACTIVE_ARCH = YES;
				SDKROOT = iphoneos;
				SWIFT_OPTIMIZATION_LEVEL = "-Onone";
			};
			name = Debug;
		};
		F5A438AA1C9C6E9000C78A2C /* Release */ = {
			isa = XCBuildConfiguration;
			buildSettings = {
				ALWAYS_SEARCH_USER_PATHS = NO;
				CLANG_CXX_LANGUAGE_STANDARD = "gnu++0x";
				CLANG_CXX_LIBRARY = "libc++";
				CLANG_ENABLE_MODULES = YES;
				CLANG_ENABLE_OBJC_ARC = YES;
				CLANG_WARN_BOOL_CONVERSION = YES;
				CLANG_WARN_CONSTANT_CONVERSION = YES;
				CLANG_WARN_DIRECT_OBJC_ISA_USAGE = YES_ERROR;
				CLANG_WARN_EMPTY_BODY = YES;
				CLANG_WARN_ENUM_CONVERSION = YES;
				CLANG_WARN_INT_CONVERSION = YES;
				CLANG_WARN_OBJC_ROOT_CLASS = YES_ERROR;
				CLANG_WARN_UNREACHABLE_CODE = YES;
				CLANG_WARN__DUPLICATE_METHOD_MATCH = YES;
				"CODE_SIGN_IDENTITY[sdk=iphoneos*]" = "iPhone Developer";
				COPY_PHASE_STRIP = NO;
				DEBUG_INFORMATION_FORMAT = "dwarf-with-dsym";
				ENABLE_NS_ASSERTIONS = NO;
				ENABLE_STRICT_OBJC_MSGSEND = YES;
				GCC_C_LANGUAGE_STANDARD = gnu99;
				GCC_NO_COMMON_BLOCKS = YES;
				GCC_WARN_64_TO_32_BIT_CONVERSION = YES;
				GCC_WARN_ABOUT_RETURN_TYPE = YES_ERROR;
				GCC_WARN_UNDECLARED_SELECTOR = YES;
				GCC_WARN_UNINITIALIZED_AUTOS = YES_AGGRESSIVE;
				GCC_WARN_UNUSED_FUNCTION = YES;
				GCC_WARN_UNUSED_VARIABLE = YES;
				IPHONEOS_DEPLOYMENT_TARGET = 9.2;
				MTL_ENABLE_DEBUG_INFO = NO;
				SDKROOT = iphoneos;
				VALIDATE_PRODUCT = YES;
			};
			name = Release;
		};
		F5A438AC1C9C6E9000C78A2C /* Debug */ = {
			isa = XCBuildConfiguration;
			baseConfigurationReference = B193E2B219A0F6F805C26A13 /* Pods-ReimburseMe.debug.xcconfig */;
			buildSettings = {
				ASSETCATALOG_COMPILER_APPICON_NAME = AppIcon;
				INFOPLIST_FILE = ReimburseMe/Info.plist;
				IPHONEOS_DEPLOYMENT_TARGET = 8.0;
				LD_RUNPATH_SEARCH_PATHS = "$(inherited) @executable_path/Frameworks";
				PRODUCT_BUNDLE_IDENTIFIER = com.thomasmorel.florent.ReimburseMe;
				PRODUCT_NAME = "$(TARGET_NAME)";
			};
			name = Debug;
		};
		F5A438AD1C9C6E9000C78A2C /* Release */ = {
			isa = XCBuildConfiguration;
			baseConfigurationReference = 8E90F6857A49483DF9BF3E1D /* Pods-ReimburseMe.release.xcconfig */;
			buildSettings = {
				ASSETCATALOG_COMPILER_APPICON_NAME = AppIcon;
				INFOPLIST_FILE = ReimburseMe/Info.plist;
				IPHONEOS_DEPLOYMENT_TARGET = 8.0;
				LD_RUNPATH_SEARCH_PATHS = "$(inherited) @executable_path/Frameworks";
				PRODUCT_BUNDLE_IDENTIFIER = com.thomasmorel.florent.ReimburseMe;
				PRODUCT_NAME = "$(TARGET_NAME)";
			};
			name = Release;
		};
/* End XCBuildConfiguration section */

/* Begin XCConfigurationList section */
		F5A438921C9C6E8F00C78A2C /* Build configuration list for PBXProject "ReimburseMe" */ = {
			isa = XCConfigurationList;
			buildConfigurations = (
				F5A438A91C9C6E9000C78A2C /* Debug */,
				F5A438AA1C9C6E9000C78A2C /* Release */,
			);
			defaultConfigurationIsVisible = 0;
			defaultConfigurationName = Release;
		};
		F5A438AB1C9C6E9000C78A2C /* Build configuration list for PBXNativeTarget "ReimburseMe" */ = {
			isa = XCConfigurationList;
			buildConfigurations = (
				F5A438AC1C9C6E9000C78A2C /* Debug */,
				F5A438AD1C9C6E9000C78A2C /* Release */,
			);
			defaultConfigurationIsVisible = 0;
			defaultConfigurationName = Release;
		};
/* End XCConfigurationList section */
	};
	rootObject = F5A4388F1C9C6E8F00C78A2C /* Project object */;
}
